<?xml version="1.0" encoding="utf-8"?>
<Project ToolsVersion="4.0" xmlns="http://schemas.microsoft.com/developer/msbuild/2003">
  <ItemGroup>
    <Filter Include="ソース ファイル">
      <UniqueIdentifier>{4FC737F1-C7A5-4376-A066-2A32D752A2FF}</UniqueIdentifier>
      <Extensions>cpp;c;cc;cxx;c++;cppm;ixx;def;odl;idl;hpj;bat;asm;asmx</Extensions>
    </Filter>
    <Filter Include="ヘッダー ファイル">
      <UniqueIdentifier>{93995380-89BD-4b04-88EB-625FBE52EBFB}</UniqueIdentifier>
      <Extensions>h;hh;hpp;hxx;h++;hm;inl;inc;ipp;xsd</Extensions>
    </Filter>
    <Filter Include="リソース ファイル">
      <UniqueIdentifier>{67DA6AB6-F800-4c08-8B7A-83BB121AAD01}</UniqueIdentifier>
      <Extensions>rc;ico;cur;bmp;dlg;rc2;rct;bin;rgs;gif;jpg;jpeg;jpe;resx;tiff;tif;png;wav;mfcribbon-ms</Extensions>
    </Filter>
    <Filter Include="ヘッダー ファイル\API">
      <UniqueIdentifier>{4f07e57f-3c6d-4e54-81a7-ce3c9a399da1}</UniqueIdentifier>
    </Filter>
    <Filter Include="ヘッダー ファイル\API\Vulkan">
      <UniqueIdentifier>{e6d8ede0-e1ff-4e6d-afa1-19d5631bf8b8}</UniqueIdentifier>
    </Filter>
    <Filter Include="ヘッダー ファイル\API\DirectX12">
      <UniqueIdentifier>{90e31430-8831-41e6-9555-453ad4cbd00c}</UniqueIdentifier>
    </Filter>
    <Filter Include="ヘッダー ファイル\Utility">
      <UniqueIdentifier>{ddd4f9f1-f913-4935-b667-ce847fa04a50}</UniqueIdentifier>
    </Filter>
    <Filter Include="ヘッダー ファイル\API\Vulkan\Utility">
      <UniqueIdentifier>{f68bb6ad-3bf8-4a69-ad1a-73ca660adced}</UniqueIdentifier>
    </Filter>
    <Filter Include="ヘッダー ファイル\Info">
      <UniqueIdentifier>{d4c5ed6d-ddc6-4c44-804f-c471abc7b3fe}</UniqueIdentifier>
    </Filter>
    <Filter Include="ソース ファイル\API">
      <UniqueIdentifier>{a6c375aa-0a81-4970-9ebc-b84f982c9b28}</UniqueIdentifier>
    </Filter>
    <Filter Include="ソース ファイル\API\DirectX12">
      <UniqueIdentifier>{346c45f3-cb60-4877-bae7-cf2cdcf47ba9}</UniqueIdentifier>
    </Filter>
    <Filter Include="ソース ファイル\API\Vulkan">
      <UniqueIdentifier>{9d80b6aa-998a-4df6-aae8-14e7a22b0639}</UniqueIdentifier>
    </Filter>
    <Filter Include="ソース ファイル\Info">
      <UniqueIdentifier>{66d2b407-872f-4c67-8963-78244959e81d}</UniqueIdentifier>
    </Filter>
    <Filter Include="ソース ファイル\Utility">
      <UniqueIdentifier>{f65289bc-38bc-4ee6-80c0-1446972d4200}</UniqueIdentifier>
    </Filter>
    <Filter Include="ソース ファイル\API\Vulkan\Utility">
      <UniqueIdentifier>{0c0fc488-737c-42d9-af0d-1ef9db35e52a}</UniqueIdentifier>
    </Filter>
  </ItemGroup>
  <ItemGroup>
    <ClInclude Include="..\include\API.hpp">
      <Filter>ヘッダー ファイル</Filter>
    </ClInclude>
    <ClInclude Include="..\include\API\VulkanImpl.hpp">
      <Filter>ヘッダー ファイル\API</Filter>
    </ClInclude>
    <ClInclude Include="..\include\API\Vulkan\VulkanDevice.hpp">
      <Filter>ヘッダー ファイル\API\Vulkan</Filter>
    </ClInclude>
    <ClInclude Include="..\include\API\Vulkan\VulkanVRAMAllocator.hpp">
      <Filter>ヘッダー ファイル\API\Vulkan</Filter>
    </ClInclude>
    <ClInclude Include="..\include\API\Vulkan\VulkanBuffer.hpp">
      <Filter>ヘッダー ファイル\API\Vulkan</Filter>
    </ClInclude>
    <ClInclude Include="..\include\API\Vulkan\VulkanImage.hpp">
      <Filter>ヘッダー ファイル\API\Vulkan</Filter>
    </ClInclude>
    <ClInclude Include="..\include\API\Vulkan\VulkanShader.hpp">
      <Filter>ヘッダー ファイル\API\Vulkan</Filter>
    </ClInclude>
    <ClInclude Include="..\include\API\Vulkan\VulkanBindGroup.hpp">
      <Filter>ヘッダー ファイル\API\Vulkan</Filter>
    </ClInclude>
    <ClInclude Include="..\include\API\Vulkan\VulkanCommand.hpp">
      <Filter>ヘッダー ファイル\API\Vulkan</Filter>
    </ClInclude>
    <ClInclude Include="..\include\API\Vulkan\VulkanRenderPass.hpp">
      <Filter>ヘッダー ファイル\API\Vulkan</Filter>
    </ClInclude>
    <ClInclude Include="..\include\API\Vulkan\VulkanGraphicsPipeline.hpp">
      <Filter>ヘッダー ファイル\API\Vulkan</Filter>
    </ClInclude>
    <ClInclude Include="..\include\API\Vulkan\VulkanComputePipeline.hpp">
      <Filter>ヘッダー ファイル\API\Vulkan</Filter>
    </ClInclude>
    <ClInclude Include="..\include\API\Vulkan\VulkanRaytracingPipeline.hpp">
      <Filter>ヘッダー ファイル\API\Vulkan</Filter>
    </ClInclude>
    <ClInclude Include="..\include\API\DirectX12\DirectX12BindGroup.hpp">
      <Filter>ヘッダー ファイル\API\DirectX12</Filter>
    </ClInclude>
    <ClInclude Include="..\include\API\DirectX12\DirectX12Buffer.hpp">
      <Filter>ヘッダー ファイル\API\DirectX12</Filter>
    </ClInclude>
    <ClInclude Include="..\include\API\DirectX12\DirectX12Command.hpp">
      <Filter>ヘッダー ファイル\API\DirectX12</Filter>
    </ClInclude>
    <ClInclude Include="..\include\API\DirectX12\DirectX12ComputePipeline.hpp">
      <Filter>ヘッダー ファイル\API\DirectX12</Filter>
    </ClInclude>
    <ClInclude Include="..\include\API\DirectX12\DirectX12Device.hpp">
      <Filter>ヘッダー ファイル\API\DirectX12</Filter>
    </ClInclude>
    <ClInclude Include="..\include\API\DirectX12\DirectX12GraphicsPipeline.hpp">
      <Filter>ヘッダー ファイル\API\DirectX12</Filter>
    </ClInclude>
    <ClInclude Include="..\include\API\DirectX12\DirectX12Image.hpp">
      <Filter>ヘッダー ファイル\API\DirectX12</Filter>
    </ClInclude>
    <ClInclude Include="..\include\API\DirectX12\DirectX12RaytracingPipeline.hpp">
      <Filter>ヘッダー ファイル\API\DirectX12</Filter>
    </ClInclude>
    <ClInclude Include="..\include\API\DirectX12\DirectX12RenderPass.hpp">
      <Filter>ヘッダー ファイル\API\DirectX12</Filter>
    </ClInclude>
    <ClInclude Include="..\include\API\DirectX12\DirectX12Shader.hpp">
      <Filter>ヘッダー ファイル\API\DirectX12</Filter>
    </ClInclude>
    <ClInclude Include="..\include\API\DirectX12\DirectX12VRAMAllocator.hpp">
      <Filter>ヘッダー ファイル\API\DirectX12</Filter>
    </ClInclude>
    <ClInclude Include="..\include\API\DirectX12Impl.hpp">
      <Filter>ヘッダー ファイル\API</Filter>
    </ClInclude>
    <ClInclude Include="..\include\Device.hpp">
      <Filter>ヘッダー ファイル</Filter>
    </ClInclude>
    <ClInclude Include="..\include\VRAMAllocator.hpp">
      <Filter>ヘッダー ファイル</Filter>
    </ClInclude>
    <ClInclude Include="..\include\Buffer.hpp">
      <Filter>ヘッダー ファイル</Filter>
    </ClInclude>
    <ClInclude Include="..\include\Image.hpp">
      <Filter>ヘッダー ファイル</Filter>
    </ClInclude>
    <ClInclude Include="..\include\Utility\Macro.hpp">
      <Filter>ヘッダー ファイル\Utility</Filter>
    </ClInclude>
    <ClInclude Include="..\include\BindGroup.hpp">
      <Filter>ヘッダー ファイル</Filter>
    </ClInclude>
    <ClInclude Include="..\include\Command.hpp">
      <Filter>ヘッダー ファイル</Filter>
    </ClInclude>
    <ClInclude Include="..\include\ComputePipeline.hpp">
      <Filter>ヘッダー ファイル</Filter>
    </ClInclude>
    <ClInclude Include="..\include\GraphicsPipeline.hpp">
      <Filter>ヘッダー ファイル</Filter>
    </ClInclude>
    <ClInclude Include="..\include\RaytracingPipeline.hpp">
      <Filter>ヘッダー ファイル</Filter>
    </ClInclude>
    <ClInclude Include="..\include\RenderPass.hpp">
      <Filter>ヘッダー ファイル</Filter>
    </ClInclude>
    <ClInclude Include="..\include\Shader.hpp">
      <Filter>ヘッダー ファイル</Filter>
    </ClInclude>
    <ClInclude Include="..\include\API\DirectX12\DirectX12Window.hpp">
      <Filter>ヘッダー ファイル\API\DirectX12</Filter>
    </ClInclude>
    <ClInclude Include="..\include\API\Vulkan\VulkanWindow.hpp">
      <Filter>ヘッダー ファイル\API\Vulkan</Filter>
    </ClInclude>
    <ClInclude Include="..\include\API\Vulkan\Utility\Macro.hpp">
      <Filter>ヘッダー ファイル\API\Vulkan\Utility</Filter>
    </ClInclude>
    <ClInclude Include="..\include\Window.hpp">
      <Filter>ヘッダー ファイル</Filter>
    </ClInclude>
    <ClInclude Include="..\include\Info\BufferInfo.hpp">
      <Filter>ヘッダー ファイル\Info</Filter>
    </ClInclude>
    <ClInclude Include="..\include\Info\BufferUsage.hpp">
      <Filter>ヘッダー ファイル\Info</Filter>
    </ClInclude>
    <ClInclude Include="..\include\Info\Dimension.hpp">
      <Filter>ヘッダー ファイル\Info</Filter>
    </ClInclude>
    <ClInclude Include="..\include\Info\Format.hpp">
      <Filter>ヘッダー ファイル\Info</Filter>
    </ClInclude>
    <ClInclude Include="..\include\Info\ImageInfo.hpp">
      <Filter>ヘッダー ファイル\Info</Filter>
    </ClInclude>
    <ClInclude Include="..\include\Info\ImageUsage.hpp">
      <Filter>ヘッダー ファイル\Info</Filter>
    </ClInclude>
    <ClInclude Include="..\include\Info\SamplerInfo.hpp">
      <Filter>ヘッダー ファイル\Info</Filter>
    </ClInclude>
    <ClInclude Include="..\include\Utility\ArrayProxy.hpp">
      <Filter>ヘッダー ファイル\Utility</Filter>
    </ClInclude>
    <ClInclude Include="..\include\Utility\Constants.hpp">
      <Filter>ヘッダー ファイル\Utility</Filter>
    </ClInclude>
    <ClInclude Include="..\include\Utility\Logger.hpp">
      <Filter>ヘッダー ファイル\Utility</Filter>
    </ClInclude>
    <ClInclude Include="..\include\Utility\Result.hpp">
      <Filter>ヘッダー ファイル\Utility</Filter>
    </ClInclude>
    <ClInclude Include="..\include\Utility\Either.hpp">
      <Filter>ヘッダー ファイル\Utility</Filter>
    </ClInclude>
    <ClInclude Include="..\include\Hence.hpp">
      <Filter>ヘッダー ファイル</Filter>
    </ClInclude>
    <ClInclude Include="..\include\Info\WindowInfo.hpp">
      <Filter>ヘッダー ファイル\Info</Filter>
    </ClInclude>
    <ClInclude Include="..\include\API\Vulkan\Utility\HelperFunctions.hpp">
      <Filter>ヘッダー ファイル\API\Vulkan\Utility</Filter>
    </ClInclude>
    <ClInclude Include="..\include\Sampler.hpp">
      <Filter>ヘッダー ファイル</Filter>
    </ClInclude>
    <ClInclude Include="..\include\API\Vulkan\VulkanSampler.hpp">
      <Filter>ヘッダー ファイル\API\Vulkan</Filter>
    </ClInclude>
    <ClInclude Include="..\include\API\DirectX12\DirectX12Sampler.hpp">
      <Filter>ヘッダー ファイル\API\DirectX12</Filter>
    </ClInclude>
    <ClInclude Include="..\include\Info\Filter.hpp">
      <Filter>ヘッダー ファイル\Info</Filter>
    </ClInclude>
    <ClInclude Include="..\include\Info\AddressMode.hpp">
      <Filter>ヘッダー ファイル\Info</Filter>
    </ClInclude>
    <ClInclude Include="..\include\Info\BorderColor.hpp">
      <Filter>ヘッダー ファイル\Info</Filter>
    </ClInclude>
    <ClInclude Include="..\include\BindLayout.hpp">
      <Filter>ヘッダー ファイル</Filter>
    </ClInclude>
    <ClInclude Include="..\include\API\Vulkan\VulkanBindLayout.hpp">
      <Filter>ヘッダー ファイル\API\Vulkan</Filter>
    </ClInclude>
    <ClInclude Include="..\include\API\DirectX12\DirectX12BindLayout.hpp">
      <Filter>ヘッダー ファイル\API\DirectX12</Filter>
    </ClInclude>
  </ItemGroup>
  <ItemGroup>
    <ClCompile Include="..\src\Device.inl">
      <Filter>ソース ファイル</Filter>
    </ClCompile>
    <ClCompile Include="..\src\API\Vulkan\VulkanBuffer.cpp">
      <Filter>ソース ファイル\API\Vulkan</Filter>
    </ClCompile>
    <ClCompile Include="..\src\API\Vulkan\VulkanDevice.cpp">
      <Filter>ソース ファイル\API\Vulkan</Filter>
    </ClCompile>
    <ClCompile Include="..\src\API\Vulkan\VulkanImage.cpp">
      <Filter>ソース ファイル\API\Vulkan</Filter>
    </ClCompile>
    <ClCompile Include="..\src\API\Vulkan\VulkanVRAMAllocator.cpp">
      <Filter>ソース ファイル\API\Vulkan</Filter>
    </ClCompile>
    <ClCompile Include="..\src\Info\BufferInfo.cpp">
      <Filter>ソース ファイル\Info</Filter>
    </ClCompile>
    <ClCompile Include="..\src\Info\BufferUsage.cpp">
      <Filter>ソース ファイル\Info</Filter>
    </ClCompile>
    <ClCompile Include="..\src\Info\ImageUsage.cpp">
      <Filter>ソース ファイル\Info</Filter>
    </ClCompile>
    <ClCompile Include="..\src\Utility\Logger.cpp">
      <Filter>ソース ファイル\Utility</Filter>
    </ClCompile>
    <ClCompile Include="..\src\Utility\Result.cpp">
      <Filter>ソース ファイル\Utility</Filter>
    </ClCompile>
    <ClCompile Include="..\testmain.cpp">
      <Filter>ソース ファイル</Filter>
    </ClCompile>
    <ClCompile Include="..\src\Info\WindowInfo.cpp">
      <Filter>ソース ファイル\Info</Filter>
    </ClCompile>
    <ClCompile Include="..\src\API\Vulkan\VulkanWindow.cpp">
      <Filter>ソース ファイル\API\Vulkan</Filter>
    </ClCompile>
    <ClCompile Include="..\src\API\Vulkan\Utility\HelperFunctions.cpp">
      <Filter>ソース ファイル\API\Vulkan\Utility</Filter>
    </ClCompile>
  </ItemGroup>
  <ItemGroup>
    <None Include="..\src\BindGroup.inl">
      <Filter>ソース ファイル</Filter>
    </None>
    <None Include="..\src\VRAMAllocator.inl">
      <Filter>ソース ファイル</Filter>
    </None>
    <None Include="..\src\Utility\ArrayProxy.inl">
      <Filter>ソース ファイル\Utility</Filter>
    </None>
    <None Include="..\src\Utility\Either.inl">
      <Filter>ソース ファイル\Info</Filter>
    </None>
    <None Include="..\src\Window.inl">
      <Filter>ソース ファイル</Filter>
    </None>
    <None Include="..\src\Buffer.inl">
      <Filter>ソース ファイル</Filter>
    </None>
  </ItemGroup>
</Project>